
Microsoft Visual Studio Solution File, Format Version 12.00
# Visual Studio Version 17
VisualStudioVersion = 17.4.33103.184
MinimumVisualStudioVersion = 10.0.40219.1
Project("{FAE04EC0-301F-11D3-BF4B-00C04F79EFBC}") = "Rolling a Single Die", "Rolling a Single Die\Rolling a Single Die.csproj", "{FAD12ACB-DC44-4978-9886-E131370EB032}"
EndProject
Global
	GlobalSection(SolutionConfigurationPlatforms) = preSolution
		Debug|Any CPU = Debug|Any CPU
		Release|Any CPU = Release|Any CPU
	EndGlobalSection
	GlobalSection(ProjectConfigurationPlatforms) = postSolution
		{FAD12ACB-DC44-4978-9886-E131370EB032}.Debug|Any CPU.ActiveCfg = Debug|Any CPU
		{FAD12ACB-DC44-4978-9886-E131370EB032}.Debug|Any CPU.Build.0 = Debug|Any CPU
		{FAD12ACB-DC44-4978-9886-E131370EB032}.Release|Any CPU.ActiveCfg = Release|Any CPU
		{FAD12ACB-DC44-4978-9886-E131370EB032}.Release|Any CPU.Build.0 = Release|Any CPU
	EndGlobalSection
	GlobalSection(SolutionProperties) = preSolution
		HideSolutionNode = FALSE
	EndGlobalSection
	GlobalSection(ExtensibilityGlobals) = postSolution
		SolutionGuid = {E261DE46-EC73-497A-8199-0E1D692C9567}
	EndGlobalSection
EndGlobal
